
Microsoft Visual Studio Solution File, Format Version 12.00
# Visual Studio Version 16
VisualStudioVersion = 16.6.30114.105
MinimumVisualStudioVersion = 10.0.40219.1
Project("{9A19103F-16F7-4668-BE54-9A1E7A4F7556}") = "R5T.T0117", "R5T.T0117\R5T.T0117.csproj", "{5148012F-CCA0-4602-9F4A-9813B5C1A80C}"
EndProject
Project("{2150E333-8FDC-42A3-9474-1A3956D46DE8}") = "_Dependencies", "_Dependencies", "{B6080B58-47FA-4412-9AF9-3627C8BF2F3E}"
EndProject
Project("{9A19103F-16F7-4668-BE54-9A1E7A4F7556}") = "R5T.T0039.T002", "..\..\R5T.T0039\source\R5T.T0039.T002\R5T.T0039.T002.csproj", "{17B1F9DA-FBDB-4CFB-BB7D-834B580FD607}"
EndProject
Global
	GlobalSection(SolutionConfigurationPlatforms) = preSolution
		Debug|Any CPU = Debug|Any CPU
		Debug|x64 = Debug|x64
		Debug|x86 = Debug|x86
		Release|Any CPU = Release|Any CPU
		Release|x64 = Release|x64
		Release|x86 = Release|x86
	EndGlobalSection
	GlobalSection(ProjectConfigurationPlatforms) = postSolution
		{5148012F-CCA0-4602-9F4A-9813B5C1A80C}.Debug|Any CPU.ActiveCfg = Debug|Any CPU
		{5148012F-CCA0-4602-9F4A-9813B5C1A80C}.Debug|Any CPU.Build.0 = Debug|Any CPU
		{5148012F-CCA0-4602-9F4A-9813B5C1A80C}.Debug|x64.ActiveCfg = Debug|Any CPU
		{5148012F-CCA0-4602-9F4A-9813B5C1A80C}.Debug|x64.Build.0 = Debug|Any CPU
		{5148012F-CCA0-4602-9F4A-9813B5C1A80C}.Debug|x86.ActiveCfg = Debug|Any CPU
		{5148012F-CCA0-4602-9F4A-9813B5C1A80C}.Debug|x86.Build.0 = Debug|Any CPU
		{5148012F-CCA0-4602-9F4A-9813B5C1A80C}.Release|Any CPU.ActiveCfg = Release|Any CPU
		{5148012F-CCA0-4602-9F4A-9813B5C1A80C}.Release|Any CPU.Build.0 = Release|Any CPU
		{5148012F-CCA0-4602-9F4A-9813B5C1A80C}.Release|x64.ActiveCfg = Release|Any CPU
		{5148012F-CCA0-4602-9F4A-9813B5C1A80C}.Release|x64.Build.0 = Release|Any CPU
		{5148012F-CCA0-4602-9F4A-9813B5C1A80C}.Release|x86.ActiveCfg = Release|Any CPU
		{5148012F-CCA0-4602-9F4A-9813B5C1A80C}.Release|x86.Build.0 = Release|Any CPU
		{17B1F9DA-FBDB-4CFB-BB7D-834B580FD607}.Debug|Any CPU.ActiveCfg = Debug|Any CPU
		{17B1F9DA-FBDB-4CFB-BB7D-834B580FD607}.Debug|Any CPU.Build.0 = Debug|Any CPU
		{17B1F9DA-FBDB-4CFB-BB7D-834B580FD607}.Debug|x64.ActiveCfg = Debug|Any CPU
		{17B1F9DA-FBDB-4CFB-BB7D-834B580FD607}.Debug|x64.Build.0 = Debug|Any CPU
		{17B1F9DA-FBDB-4CFB-BB7D-834B580FD607}.Debug|x86.ActiveCfg = Debug|Any CPU
		{17B1F9DA-FBDB-4CFB-BB7D-834B580FD607}.Debug|x86.Build.0 = Debug|Any CPU
		{17B1F9DA-FBDB-4CFB-BB7D-834B580FD607}.Release|Any CPU.ActiveCfg = Release|Any CPU
		{17B1F9DA-FBDB-4CFB-BB7D-834B580FD607}.Release|Any CPU.Build.0 = Release|Any CPU
		{17B1F9DA-FBDB-4CFB-BB7D-834B580FD607}.Release|x64.ActiveCfg = Release|Any CPU
		{17B1F9DA-FBDB-4CFB-BB7D-834B580FD607}.Release|x64.Build.0 = Release|Any CPU
		{17B1F9DA-FBDB-4CFB-BB7D-834B580FD607}.Release|x86.ActiveCfg = Release|Any CPU
		{17B1F9DA-FBDB-4CFB-BB7D-834B580FD607}.Release|x86.Build.0 = Release|Any CPU
	EndGlobalSection
	GlobalSection(SolutionProperties) = preSolution
		HideSolutionNode = FALSE
	EndGlobalSection
	GlobalSection(NestedProjects) = preSolution
		{17B1F9DA-FBDB-4CFB-BB7D-834B580FD607} = {B6080B58-47FA-4412-9AF9-3627C8BF2F3E}
	EndGlobalSection
	GlobalSection(ExtensibilityGlobals) = postSolution
		SolutionGuid = {074B9B6A-55F2-469D-A9BE-44DBD606009A}
	EndGlobalSection
EndGlobal
